
Microsoft Visual Studio Solution File, Format Version 12.00
# Visual Studio 14
VisualStudioVersion = 14.0.25420.1
MinimumVisualStudioVersion = 10.0.40219.1
Project("{FAE04EC0-301F-11D3-BF4B-00C04F79EFBC}") = "ServiceBrokerListener.UnitTests", "ServiceBrokerListener.UnitTests\ServiceBrokerListener.UnitTests.csproj", "{B51D840E-1FF5-4C35-86C9-DB53FA829E41}"
EndProject
Project("{FAE04EC0-301F-11D3-BF4B-00C04F79EFBC}") = "ServiceBrokerListener.Domain", "ServiceBrokerListener.Domain\ServiceBrokerListener.Domain.csproj", "{EEE03701-D244-4B4F-BF10-7CEA9BD2048E}"
EndProject
Project("{FAE04EC0-301F-11D3-BF4B-00C04F79EFBC}") = "ServiceBrokerListener.WebUI", "ServiceBrokerListener.WebUI\ServiceBrokerListener.WebUI.csproj", "{E3C28555-5AD8-4689-B93D-26EB4150757F}"
EndProject
Project("{8BB2217D-0F2D-49D1-97BC-3654ED321F3B}") = "ServiceBrokerListener.Domain.Core", "ServiceBrokerListener.Domain.Core\ServiceBrokerListener.Domain.Core.xproj", "{00BD194B-0ABA-4062-AEDF-A82FD064693C}"
EndProject
Project("{8BB2217D-0F2D-49D1-97BC-3654ED321F3B}") = "ServiceBrokerListener.UnitTests.Core", "ServiceBrokerListener.UnitTests.Core\ServiceBrokerListener.UnitTests.Core.xproj", "{79B12EEE-9F26-4620-ADD8-CC0AD690F0C8}"
EndProject
Project("{8BB2217D-0F2D-49D1-97BC-3654ED321F3B}") = "ServiceBrokerListener.TableListener.Core", "ServiceBrokerListener.Tablelistener.Core\ServiceBrokerListener.TableListener.Core.xproj", "{58D10F13-5A70-4EDD-9F14-A2A795DBDC2F}"
EndProject
Global
	GlobalSection(SolutionConfigurationPlatforms) = preSolution
		Debug|Any CPU = Debug|Any CPU
		Release|Any CPU = Release|Any CPU
	EndGlobalSection
	GlobalSection(ProjectConfigurationPlatforms) = postSolution
		{B51D840E-1FF5-4C35-86C9-DB53FA829E41}.Debug|Any CPU.ActiveCfg = Debug|Any CPU
		{B51D840E-1FF5-4C35-86C9-DB53FA829E41}.Debug|Any CPU.Build.0 = Debug|Any CPU
		{B51D840E-1FF5-4C35-86C9-DB53FA829E41}.Release|Any CPU.ActiveCfg = Release|Any CPU
		{B51D840E-1FF5-4C35-86C9-DB53FA829E41}.Release|Any CPU.Build.0 = Release|Any CPU
		{EEE03701-D244-4B4F-BF10-7CEA9BD2048E}.Debug|Any CPU.ActiveCfg = Debug|Any CPU
		{EEE03701-D244-4B4F-BF10-7CEA9BD2048E}.Debug|Any CPU.Build.0 = Debug|Any CPU
		{EEE03701-D244-4B4F-BF10-7CEA9BD2048E}.Release|Any CPU.ActiveCfg = Release|Any CPU
		{EEE03701-D244-4B4F-BF10-7CEA9BD2048E}.Release|Any CPU.Build.0 = Release|Any CPU
		{E3C28555-5AD8-4689-B93D-26EB4150757F}.Debug|Any CPU.ActiveCfg = Debug|Any CPU
		{E3C28555-5AD8-4689-B93D-26EB4150757F}.Debug|Any CPU.Build.0 = Debug|Any CPU
		{E3C28555-5AD8-4689-B93D-26EB4150757F}.Release|Any CPU.ActiveCfg = Release|Any CPU
		{E3C28555-5AD8-4689-B93D-26EB4150757F}.Release|Any CPU.Build.0 = Release|Any CPU
		{00BD194B-0ABA-4062-AEDF-A82FD064693C}.Debug|Any CPU.ActiveCfg = Debug|Any CPU
		{00BD194B-0ABA-4062-AEDF-A82FD064693C}.Debug|Any CPU.Build.0 = Debug|Any CPU
		{00BD194B-0ABA-4062-AEDF-A82FD064693C}.Release|Any CPU.ActiveCfg = Release|Any CPU
		{00BD194B-0ABA-4062-AEDF-A82FD064693C}.Release|Any CPU.Build.0 = Release|Any CPU
		{79B12EEE-9F26-4620-ADD8-CC0AD690F0C8}.Debug|Any CPU.ActiveCfg = Debug|Any CPU
		{79B12EEE-9F26-4620-ADD8-CC0AD690F0C8}.Debug|Any CPU.Build.0 = Debug|Any CPU
		{79B12EEE-9F26-4620-ADD8-CC0AD690F0C8}.Release|Any CPU.ActiveCfg = Release|Any CPU
		{79B12EEE-9F26-4620-ADD8-CC0AD690F0C8}.Release|Any CPU.Build.0 = Release|Any CPU
		{58D10F13-5A70-4EDD-9F14-A2A795DBDC2F}.Debug|Any CPU.ActiveCfg = Debug|Any CPU
		{58D10F13-5A70-4EDD-9F14-A2A795DBDC2F}.Debug|Any CPU.Build.0 = Debug|Any CPU
		{58D10F13-5A70-4EDD-9F14-A2A795DBDC2F}.Release|Any CPU.ActiveCfg = Release|Any CPU
		{58D10F13-5A70-4EDD-9F14-A2A795DBDC2F}.Release|Any CPU.Build.0 = Release|Any CPU
	EndGlobalSection
	GlobalSection(SolutionProperties) = preSolution
		HideSolutionNode = FALSE
	EndGlobalSection
EndGlobal
